
Microsoft Visual Studio Solution File, Format Version 12.00
# Visual Studio Version 17
VisualStudioVersion = 17.7.34024.191
MinimumVisualStudioVersion = 10.0.40219.1
Project("{FAE04EC0-301F-11D3-BF4B-00C04F79EFBC}") = "OOP2_POS", "OOP2_POS.csproj", "{36541F48-5D41-4474-8F5C-7E79FE772C79}"
EndProject
Global
	GlobalSection(SolutionConfigurationPlatforms) = preSolution
		Debug|Any CPU = Debug|Any CPU
		Release|Any CPU = Release|Any CPU
	EndGlobalSection
	GlobalSection(ProjectConfigurationPlatforms) = postSolution
		{36541F48-5D41-4474-8F5C-7E79FE772C79}.Debug|Any CPU.ActiveCfg = Debug|Any CPU
		{36541F48-5D41-4474-8F5C-7E79FE772C79}.Debug|Any CPU.Build.0 = Debug|Any CPU
		{36541F48-5D41-4474-8F5C-7E79FE772C79}.Release|Any CPU.ActiveCfg = Release|Any CPU
		{36541F48-5D41-4474-8F5C-7E79FE772C79}.Release|Any CPU.Build.0 = Release|Any CPU
	EndGlobalSection
	GlobalSection(SolutionProperties) = preSolution
		HideSolutionNode = FALSE
	EndGlobalSection
	GlobalSection(ExtensibilityGlobals) = postSolution
		SolutionGuid = {AE4A4DAA-E303-456D-A8A5-419D23635620}
	EndGlobalSection
EndGlobal
